
Microsoft Visual Studio Solution File, Format Version 12.00
# Visual Studio Version 16
VisualStudioVersion = 16.0.30204.135
MinimumVisualStudioVersion = 10.0.40219.1
Project("{9A19103F-16F7-4668-BE54-9A1E7A4F7556}") = "TBay", "TBay.csproj", "{C3627169-1E01-4C94-89DB-2AB287C7607E}"
EndProject
Global
	GlobalSection(SolutionConfigurationPlatforms) = preSolution
		Debug|Any CPU = Debug|Any CPU
		Release|Any CPU = Release|Any CPU
	EndGlobalSection
	GlobalSection(ProjectConfigurationPlatforms) = postSolution
		{C3627169-1E01-4C94-89DB-2AB287C7607E}.Debug|Any CPU.ActiveCfg = Debug|Any CPU
		{C3627169-1E01-4C94-89DB-2AB287C7607E}.Debug|Any CPU.Build.0 = Debug|Any CPU
		{C3627169-1E01-4C94-89DB-2AB287C7607E}.Release|Any CPU.ActiveCfg = Release|Any CPU
		{C3627169-1E01-4C94-89DB-2AB287C7607E}.Release|Any CPU.Build.0 = Release|Any CPU
	EndGlobalSection
	GlobalSection(SolutionProperties) = preSolution
		HideSolutionNode = FALSE
	EndGlobalSection
	GlobalSection(ExtensibilityGlobals) = postSolution
		SolutionGuid = {E3164D8D-C6A5-42A1-AACF-8B4F7F9BF0C0}
	EndGlobalSection
EndGlobal
